
Microsoft Visual Studio Solution File, Format Version 12.00
# Visual Studio Version 17
VisualStudioVersion = 17.4.33205.214
MinimumVisualStudioVersion = 10.0.40219.1
Project("{9A19103F-16F7-4668-BE54-9A1E7A4F7556}") = "Generics", "Generics\Generics.csproj", "{899F450F-A269-4087-A0F6-9DDA6E2272FC}"
EndProject
Project("{9A19103F-16F7-4668-BE54-9A1E7A4F7556}") = "Redis", "Redis\Redis.csproj", "{7EC10E3E-9B57-4493-B8E3-20C23BAD4F45}"
EndProject
Project("{9A19103F-16F7-4668-BE54-9A1E7A4F7556}") = "ConsoleForDummy", "ConsoleForDummy\ConsoleForDummy.csproj", "{D880A7B2-6750-4D24-BEB9-C3084ABC1A98}"
EndProject
Project("{9A19103F-16F7-4668-BE54-9A1E7A4F7556}") = "SerilogOracle", "SerilogOracle\SerilogOracle.csproj", "{8DD880AA-0ABB-4129-AD33-CDF02CF8AB5E}"
EndProject
Project("{2150E333-8FDC-42A3-9474-1A3956D46DE8}") = "Rabbit", "Rabbit", "{1D32D898-559B-4C9E-AF53-3ADD476A32C2}"
EndProject
Project("{2150E333-8FDC-42A3-9474-1A3956D46DE8}") = "Shared", "Shared", "{B413D983-3F9B-46A9-8B83-89EBA3852FC2}"
EndProject
Project("{9A19103F-16F7-4668-BE54-9A1E7A4F7556}") = "MessageBus", "MessageBus\MessageBus.csproj", "{111792E4-7A39-419A-A4F6-269621424C00}"
EndProject
Project("{2150E333-8FDC-42A3-9474-1A3956D46DE8}") = "Health Check", "Health Check", "{95DC58B0-A86E-4F36-9778-701A5446BF99}"
EndProject
Project("{9A19103F-16F7-4668-BE54-9A1E7A4F7556}") = "HealthCheck", "HealthCheck\HealthCheck.csproj", "{A6EFE981-0732-4E01-ADF4-3FF3D034214A}"
EndProject
Project("{2150E333-8FDC-42A3-9474-1A3956D46DE8}") = "Windows LoggedIn", "Windows LoggedIn", "{2D3E9572-CD53-43A1-A045-B4D75E4474AC}"
EndProject
Project("{9A19103F-16F7-4668-BE54-9A1E7A4F7556}") = "WindowsLoggedIn", "WindowsLoggedIn\WindowsLoggedIn.csproj", "{3BB4BBAA-F212-4B39-BB58-0B6D43167962}"
EndProject
Project("{9A19103F-16F7-4668-BE54-9A1E7A4F7556}") = "WindowsLoggedInAPI", "WindowsLoggedInAPI\WindowsLoggedInAPI.csproj", "{890FF218-D31E-4B01-834C-B8D6688047B1}"
EndProject
Project("{FAE04EC0-301F-11D3-BF4B-00C04F79EFBC}") = "IISTest", "IISTest\IISTest.csproj", "{C230BA33-F41C-408F-ACB4-CA1FBF1E366E}"
EndProject
Global
	GlobalSection(SolutionConfigurationPlatforms) = preSolution
		Debug|Any CPU = Debug|Any CPU
		Release|Any CPU = Release|Any CPU
	EndGlobalSection
	GlobalSection(ProjectConfigurationPlatforms) = postSolution
		{899F450F-A269-4087-A0F6-9DDA6E2272FC}.Debug|Any CPU.ActiveCfg = Debug|Any CPU
		{899F450F-A269-4087-A0F6-9DDA6E2272FC}.Debug|Any CPU.Build.0 = Debug|Any CPU
		{899F450F-A269-4087-A0F6-9DDA6E2272FC}.Release|Any CPU.ActiveCfg = Release|Any CPU
		{899F450F-A269-4087-A0F6-9DDA6E2272FC}.Release|Any CPU.Build.0 = Release|Any CPU
		{7EC10E3E-9B57-4493-B8E3-20C23BAD4F45}.Debug|Any CPU.ActiveCfg = Debug|Any CPU
		{7EC10E3E-9B57-4493-B8E3-20C23BAD4F45}.Debug|Any CPU.Build.0 = Debug|Any CPU
		{7EC10E3E-9B57-4493-B8E3-20C23BAD4F45}.Release|Any CPU.ActiveCfg = Release|Any CPU
		{7EC10E3E-9B57-4493-B8E3-20C23BAD4F45}.Release|Any CPU.Build.0 = Release|Any CPU
		{D880A7B2-6750-4D24-BEB9-C3084ABC1A98}.Debug|Any CPU.ActiveCfg = Debug|Any CPU
		{D880A7B2-6750-4D24-BEB9-C3084ABC1A98}.Debug|Any CPU.Build.0 = Debug|Any CPU
		{D880A7B2-6750-4D24-BEB9-C3084ABC1A98}.Release|Any CPU.ActiveCfg = Release|Any CPU
		{D880A7B2-6750-4D24-BEB9-C3084ABC1A98}.Release|Any CPU.Build.0 = Release|Any CPU
		{8DD880AA-0ABB-4129-AD33-CDF02CF8AB5E}.Debug|Any CPU.ActiveCfg = Debug|Any CPU
		{8DD880AA-0ABB-4129-AD33-CDF02CF8AB5E}.Debug|Any CPU.Build.0 = Debug|Any CPU
		{8DD880AA-0ABB-4129-AD33-CDF02CF8AB5E}.Release|Any CPU.ActiveCfg = Release|Any CPU
		{8DD880AA-0ABB-4129-AD33-CDF02CF8AB5E}.Release|Any CPU.Build.0 = Release|Any CPU
		{111792E4-7A39-419A-A4F6-269621424C00}.Debug|Any CPU.ActiveCfg = Debug|Any CPU
		{111792E4-7A39-419A-A4F6-269621424C00}.Debug|Any CPU.Build.0 = Debug|Any CPU
		{111792E4-7A39-419A-A4F6-269621424C00}.Release|Any CPU.ActiveCfg = Release|Any CPU
		{111792E4-7A39-419A-A4F6-269621424C00}.Release|Any CPU.Build.0 = Release|Any CPU
		{A6EFE981-0732-4E01-ADF4-3FF3D034214A}.Debug|Any CPU.ActiveCfg = Debug|Any CPU
		{A6EFE981-0732-4E01-ADF4-3FF3D034214A}.Debug|Any CPU.Build.0 = Debug|Any CPU
		{A6EFE981-0732-4E01-ADF4-3FF3D034214A}.Release|Any CPU.ActiveCfg = Release|Any CPU
		{A6EFE981-0732-4E01-ADF4-3FF3D034214A}.Release|Any CPU.Build.0 = Release|Any CPU
		{3BB4BBAA-F212-4B39-BB58-0B6D43167962}.Debug|Any CPU.ActiveCfg = Debug|Any CPU
		{3BB4BBAA-F212-4B39-BB58-0B6D43167962}.Debug|Any CPU.Build.0 = Debug|Any CPU
		{3BB4BBAA-F212-4B39-BB58-0B6D43167962}.Release|Any CPU.ActiveCfg = Release|Any CPU
		{3BB4BBAA-F212-4B39-BB58-0B6D43167962}.Release|Any CPU.Build.0 = Release|Any CPU
		{890FF218-D31E-4B01-834C-B8D6688047B1}.Debug|Any CPU.ActiveCfg = Debug|Any CPU
		{890FF218-D31E-4B01-834C-B8D6688047B1}.Debug|Any CPU.Build.0 = Debug|Any CPU
		{890FF218-D31E-4B01-834C-B8D6688047B1}.Release|Any CPU.ActiveCfg = Release|Any CPU
		{890FF218-D31E-4B01-834C-B8D6688047B1}.Release|Any CPU.Build.0 = Release|Any CPU
		{C230BA33-F41C-408F-ACB4-CA1FBF1E366E}.Debug|Any CPU.ActiveCfg = Debug|Any CPU
		{C230BA33-F41C-408F-ACB4-CA1FBF1E366E}.Debug|Any CPU.Build.0 = Debug|Any CPU
		{C230BA33-F41C-408F-ACB4-CA1FBF1E366E}.Release|Any CPU.ActiveCfg = Release|Any CPU
		{C230BA33-F41C-408F-ACB4-CA1FBF1E366E}.Release|Any CPU.Build.0 = Release|Any CPU
	EndGlobalSection
	GlobalSection(SolutionProperties) = preSolution
		HideSolutionNode = FALSE
	EndGlobalSection
	GlobalSection(NestedProjects) = preSolution
		{B413D983-3F9B-46A9-8B83-89EBA3852FC2} = {1D32D898-559B-4C9E-AF53-3ADD476A32C2}
		{111792E4-7A39-419A-A4F6-269621424C00} = {B413D983-3F9B-46A9-8B83-89EBA3852FC2}
		{A6EFE981-0732-4E01-ADF4-3FF3D034214A} = {95DC58B0-A86E-4F36-9778-701A5446BF99}
		{3BB4BBAA-F212-4B39-BB58-0B6D43167962} = {2D3E9572-CD53-43A1-A045-B4D75E4474AC}
		{890FF218-D31E-4B01-834C-B8D6688047B1} = {2D3E9572-CD53-43A1-A045-B4D75E4474AC}
		{C230BA33-F41C-408F-ACB4-CA1FBF1E366E} = {2D3E9572-CD53-43A1-A045-B4D75E4474AC}
	EndGlobalSection
	GlobalSection(ExtensibilityGlobals) = postSolution
		SolutionGuid = {2026F78C-2C3E-4604-B75E-7E854CD94CB3}
	EndGlobalSection
EndGlobal
