
Microsoft Visual Studio Solution File, Format Version 12.00
# Visual Studio Version 17
VisualStudioVersion = 17.4.33205.214
MinimumVisualStudioVersion = 10.0.40219.1
Project("{9A19103F-16F7-4668-BE54-9A1E7A4F7556}") = "Generics", "Generics\Generics.csproj", "{899F450F-A269-4087-A0F6-9DDA6E2272FC}"
EndProject
Project("{9A19103F-16F7-4668-BE54-9A1E7A4F7556}") = "Redis", "Redis\Redis.csproj", "{7EC10E3E-9B57-4493-B8E3-20C23BAD4F45}"
EndProject
Project("{9A19103F-16F7-4668-BE54-9A1E7A4F7556}") = "ConsoleForDummy", "ConsoleForDummy\ConsoleForDummy.csproj", "{D880A7B2-6750-4D24-BEB9-C3084ABC1A98}"
EndProject
Project("{FAE04EC0-301F-11D3-BF4B-00C04F79EFBC}") = "SerilogOracle", "SerilogOracle\SerilogOracle.csproj", "{8DD880AA-0ABB-4129-AD33-CDF02CF8AB5E}"
EndProject
Global
	GlobalSection(SolutionConfigurationPlatforms) = preSolution
		Debug|Any CPU = Debug|Any CPU
		Release|Any CPU = Release|Any CPU
	EndGlobalSection
	GlobalSection(ProjectConfigurationPlatforms) = postSolution
		{899F450F-A269-4087-A0F6-9DDA6E2272FC}.Debug|Any CPU.ActiveCfg = Debug|Any CPU
		{899F450F-A269-4087-A0F6-9DDA6E2272FC}.Debug|Any CPU.Build.0 = Debug|Any CPU
		{899F450F-A269-4087-A0F6-9DDA6E2272FC}.Release|Any CPU.ActiveCfg = Release|Any CPU
		{899F450F-A269-4087-A0F6-9DDA6E2272FC}.Release|Any CPU.Build.0 = Release|Any CPU
		{7EC10E3E-9B57-4493-B8E3-20C23BAD4F45}.Debug|Any CPU.ActiveCfg = Debug|Any CPU
		{7EC10E3E-9B57-4493-B8E3-20C23BAD4F45}.Debug|Any CPU.Build.0 = Debug|Any CPU
		{7EC10E3E-9B57-4493-B8E3-20C23BAD4F45}.Release|Any CPU.ActiveCfg = Release|Any CPU
		{7EC10E3E-9B57-4493-B8E3-20C23BAD4F45}.Release|Any CPU.Build.0 = Release|Any CPU
		{D880A7B2-6750-4D24-BEB9-C3084ABC1A98}.Debug|Any CPU.ActiveCfg = Debug|Any CPU
		{D880A7B2-6750-4D24-BEB9-C3084ABC1A98}.Debug|Any CPU.Build.0 = Debug|Any CPU
		{D880A7B2-6750-4D24-BEB9-C3084ABC1A98}.Release|Any CPU.ActiveCfg = Release|Any CPU
		{D880A7B2-6750-4D24-BEB9-C3084ABC1A98}.Release|Any CPU.Build.0 = Release|Any CPU
		{8DD880AA-0ABB-4129-AD33-CDF02CF8AB5E}.Debug|Any CPU.ActiveCfg = Debug|Any CPU
		{8DD880AA-0ABB-4129-AD33-CDF02CF8AB5E}.Debug|Any CPU.Build.0 = Debug|Any CPU
		{8DD880AA-0ABB-4129-AD33-CDF02CF8AB5E}.Release|Any CPU.ActiveCfg = Release|Any CPU
		{8DD880AA-0ABB-4129-AD33-CDF02CF8AB5E}.Release|Any CPU.Build.0 = Release|Any CPU
	EndGlobalSection
	GlobalSection(SolutionProperties) = preSolution
		HideSolutionNode = FALSE
	EndGlobalSection
	GlobalSection(ExtensibilityGlobals) = postSolution
		SolutionGuid = {2026F78C-2C3E-4604-B75E-7E854CD94CB3}
	EndGlobalSection
EndGlobal
